
Microsoft Visual Studio Solution File, Format Version 12.00
# Visual Studio Version 17
VisualStudioVersion = 17.9.34714.143
MinimumVisualStudioVersion = 10.0.40219.1
Project("{FAE04EC0-301F-11D3-BF4B-00C04F79EFBC}") = "SIS.HTTP", "SIS.HTTP\SIS.HTTP.csproj", "{530AA90F-2CA6-4733-AC44-6447D532F9E9}"
EndProject
Project("{FAE04EC0-301F-11D3-BF4B-00C04F79EFBC}") = "SIS.WebServer", "SIS.WebServer\SIS.WebServer.csproj", "{39EF08AD-6B06-44A8-8A16-C9C3F76F6245}"
EndProject
Project("{FAE04EC0-301F-11D3-BF4B-00C04F79EFBC}") = "SIS.Demo", "SIS.Demo\SIS.Demo.csproj", "{154E795B-B26B-4668-99F4-E6D2BDE79096}"
EndProject
Global
	GlobalSection(SolutionConfigurationPlatforms) = preSolution
		Debug|Any CPU = Debug|Any CPU
		Release|Any CPU = Release|Any CPU
	EndGlobalSection
	GlobalSection(ProjectConfigurationPlatforms) = postSolution
		{530AA90F-2CA6-4733-AC44-6447D532F9E9}.Debug|Any CPU.ActiveCfg = Debug|Any CPU
		{530AA90F-2CA6-4733-AC44-6447D532F9E9}.Debug|Any CPU.Build.0 = Debug|Any CPU
		{530AA90F-2CA6-4733-AC44-6447D532F9E9}.Release|Any CPU.ActiveCfg = Release|Any CPU
		{530AA90F-2CA6-4733-AC44-6447D532F9E9}.Release|Any CPU.Build.0 = Release|Any CPU
		{39EF08AD-6B06-44A8-8A16-C9C3F76F6245}.Debug|Any CPU.ActiveCfg = Debug|Any CPU
		{39EF08AD-6B06-44A8-8A16-C9C3F76F6245}.Debug|Any CPU.Build.0 = Debug|Any CPU
		{39EF08AD-6B06-44A8-8A16-C9C3F76F6245}.Release|Any CPU.ActiveCfg = Release|Any CPU
		{39EF08AD-6B06-44A8-8A16-C9C3F76F6245}.Release|Any CPU.Build.0 = Release|Any CPU
		{154E795B-B26B-4668-99F4-E6D2BDE79096}.Debug|Any CPU.ActiveCfg = Debug|Any CPU
		{154E795B-B26B-4668-99F4-E6D2BDE79096}.Debug|Any CPU.Build.0 = Debug|Any CPU
		{154E795B-B26B-4668-99F4-E6D2BDE79096}.Release|Any CPU.ActiveCfg = Release|Any CPU
		{154E795B-B26B-4668-99F4-E6D2BDE79096}.Release|Any CPU.Build.0 = Release|Any CPU
	EndGlobalSection
	GlobalSection(SolutionProperties) = preSolution
		HideSolutionNode = FALSE
	EndGlobalSection
	GlobalSection(ExtensibilityGlobals) = postSolution
		SolutionGuid = {525E8672-CA15-4FF7-A05C-AF42B3AAD266}
	EndGlobalSection
EndGlobal
