
Microsoft Visual Studio Solution File, Format Version 12.00
# Visual Studio Version 17
VisualStudioVersion = 17.9.34714.143
MinimumVisualStudioVersion = 10.0.40219.1
Project("{FAE04EC0-301F-11D3-BF4B-00C04F79EFBC}") = "HttpRequester", "HttpRequester\HttpRequester.csproj", "{1526408C-A7AC-4255-B05A-C3E6BDAAF081}"
EndProject
Global
	GlobalSection(SolutionConfigurationPlatforms) = preSolution
		Debug|Any CPU = Debug|Any CPU
		Release|Any CPU = Release|Any CPU
	EndGlobalSection
	GlobalSection(ProjectConfigurationPlatforms) = postSolution
		{1526408C-A7AC-4255-B05A-C3E6BDAAF081}.Debug|Any CPU.ActiveCfg = Debug|Any CPU
		{1526408C-A7AC-4255-B05A-C3E6BDAAF081}.Debug|Any CPU.Build.0 = Debug|Any CPU
		{1526408C-A7AC-4255-B05A-C3E6BDAAF081}.Release|Any CPU.ActiveCfg = Release|Any CPU
		{1526408C-A7AC-4255-B05A-C3E6BDAAF081}.Release|Any CPU.Build.0 = Release|Any CPU
	EndGlobalSection
	GlobalSection(SolutionProperties) = preSolution
		HideSolutionNode = FALSE
	EndGlobalSection
	GlobalSection(ExtensibilityGlobals) = postSolution
		SolutionGuid = {7EF83A82-4BD8-4983-B58B-327994CEA4F1}
	EndGlobalSection
EndGlobal
